// !$*UTF8*$!
{
	archiveVersion = 1;
	classes = {
	};
	objectVersion = 56;
	objects = {

/* Begin PBXBuildFile section */
		582A123329985C8A00931D26 /* ios_clientApp.swift in Sources */ = {isa = PBXBuildFile; fileRef = 582A123229985C8A00931D26 /* ios_clientApp.swift */; };
		582A123529985C8A00931D26 /* ContentView.swift in Sources */ = {isa = PBXBuildFile; fileRef = 582A123429985C8A00931D26 /* ContentView.swift */; };
		582A123729985C8B00931D26 /* Assets.xcassets in Resources */ = {isa = PBXBuildFile; fileRef = 582A123629985C8B00931D26 /* Assets.xcassets */; };
		582A123A29985C8B00931D26 /* Preview Assets.xcassets in Resources */ = {isa = PBXBuildFile; fileRef = 582A123929985C8B00931D26 /* Preview Assets.xcassets */; };
		583974D229985F170009121C /* MotionKit.swift in Sources */ = {isa = PBXBuildFile; fileRef = 583974D129985F170009121C /* MotionKit.swift */; };
		585AFDAA299EB47E0090FE46 /* Extensions.swift in Sources */ = {isa = PBXBuildFile; fileRef = 585AFDA9299EB47E0090FE46 /* Extensions.swift */; };
		585AFDAC299EB48D0090FE46 /* Errors.swift in Sources */ = {isa = PBXBuildFile; fileRef = 585AFDAB299EB48D0090FE46 /* Errors.swift */; };
		585AFDAE299EB5070090FE46 /* ChildrenViews.swift in Sources */ = {isa = PBXBuildFile; fileRef = 585AFDAD299EB5070090FE46 /* ChildrenViews.swift */; };
		585AFDB0299EB5760090FE46 /* Store.swift in Sources */ = {isa = PBXBuildFile; fileRef = 585AFDAF299EB5760090FE46 /* Store.swift */; };
		585AFDB2299EBFD00090FE46 /* NetworkKit.swift in Sources */ = {isa = PBXBuildFile; fileRef = 585AFDB1299EBFD00090FE46 /* NetworkKit.swift */; };
		5860537E29AA175C00FA487D /* SensorDebugView.swift in Sources */ = {isa = PBXBuildFile; fileRef = 5860537D29AA175C00FA487D /* SensorDebugView.swift */; };
		58714F7B29A6BFD700D5B380 /* Introspect in Frameworks */ = {isa = PBXBuildFile; productRef = 58714F7A29A6BFD700D5B380 /* Introspect */; };
		58714F7D29A6C03400D5B380 /* NetworkSettingsView.swift in Sources */ = {isa = PBXBuildFile; fileRef = 58714F7C29A6C03400D5B380 /* NetworkSettingsView.swift */; };
		58F9D4CA29A509C400A9EE05 /* Logging in Frameworks */ = {isa = PBXBuildFile; productRef = 58F9D4C929A509C400A9EE05 /* Logging */; };
		58F9D4CC29A509E900A9EE05 /* Logger.swift in Sources */ = {isa = PBXBuildFile; fileRef = 58F9D4CB29A509E900A9EE05 /* Logger.swift */; };
/* End PBXBuildFile section */

/* Begin PBXContainerItemProxy section */
		582A124029985C8B00931D26 /* PBXContainerItemProxy */ = {
			isa = PBXContainerItemProxy;
			containerPortal = 582A122729985C8A00931D26 /* Project object */;
			proxyType = 1;
			remoteGlobalIDString = 582A122E29985C8A00931D26;
			remoteInfo = "ios-client";
		};
		582A124A29985C8B00931D26 /* PBXContainerItemProxy */ = {
			isa = PBXContainerItemProxy;
			containerPortal = 582A122729985C8A00931D26 /* Project object */;
			proxyType = 1;
			remoteGlobalIDString = 582A122E29985C8A00931D26;
			remoteInfo = "ios-client";
		};
/* End PBXContainerItemProxy section */

/* Begin PBXFileReference section */
		582A122F29985C8A00931D26 /* ios-client.app */ = {isa = PBXFileReference; explicitFileType = wrapper.application; includeInIndex = 0; path = "ios-client.app"; sourceTree = BUILT_PRODUCTS_DIR; };
		582A123229985C8A00931D26 /* ios_clientApp.swift */ = {isa = PBXFileReference; lastKnownFileType = sourcecode.swift; path = ios_clientApp.swift; sourceTree = "<group>"; };
		582A123429985C8A00931D26 /* ContentView.swift */ = {isa = PBXFileReference; lastKnownFileType = sourcecode.swift; path = ContentView.swift; sourceTree = "<group>"; };
		582A123629985C8B00931D26 /* Assets.xcassets */ = {isa = PBXFileReference; lastKnownFileType = folder.assetcatalog; path = Assets.xcassets; sourceTree = "<group>"; };
		582A123929985C8B00931D26 /* Preview Assets.xcassets */ = {isa = PBXFileReference; lastKnownFileType = folder.assetcatalog; path = "Preview Assets.xcassets"; sourceTree = "<group>"; };
		582A123F29985C8B00931D26 /* ios-clientTests.xctest */ = {isa = PBXFileReference; explicitFileType = wrapper.cfbundle; includeInIndex = 0; path = "ios-clientTests.xctest"; sourceTree = BUILT_PRODUCTS_DIR; };
		582A124929985C8B00931D26 /* ios-clientUITests.xctest */ = {isa = PBXFileReference; explicitFileType = wrapper.cfbundle; includeInIndex = 0; path = "ios-clientUITests.xctest"; sourceTree = BUILT_PRODUCTS_DIR; };
		583974D129985F170009121C /* MotionKit.swift */ = {isa = PBXFileReference; lastKnownFileType = sourcecode.swift; path = MotionKit.swift; sourceTree = "<group>"; };
		585AFDA9299EB47E0090FE46 /* Extensions.swift */ = {isa = PBXFileReference; lastKnownFileType = sourcecode.swift; path = Extensions.swift; sourceTree = "<group>"; };
		585AFDAB299EB48D0090FE46 /* Errors.swift */ = {isa = PBXFileReference; lastKnownFileType = sourcecode.swift; path = Errors.swift; sourceTree = "<group>"; };
		585AFDAD299EB5070090FE46 /* ChildrenViews.swift */ = {isa = PBXFileReference; lastKnownFileType = sourcecode.swift; path = ChildrenViews.swift; sourceTree = "<group>"; };
		585AFDAF299EB5760090FE46 /* Store.swift */ = {isa = PBXFileReference; lastKnownFileType = sourcecode.swift; path = Store.swift; sourceTree = "<group>"; };
		585AFDB1299EBFD00090FE46 /* NetworkKit.swift */ = {isa = PBXFileReference; lastKnownFileType = sourcecode.swift; path = NetworkKit.swift; sourceTree = "<group>"; };
		5860537D29AA175C00FA487D /* SensorDebugView.swift */ = {isa = PBXFileReference; lastKnownFileType = sourcecode.swift; path = SensorDebugView.swift; sourceTree = "<group>"; };
		58714F7C29A6C03400D5B380 /* NetworkSettingsView.swift */ = {isa = PBXFileReference; lastKnownFileType = sourcecode.swift; path = NetworkSettingsView.swift; sourceTree = "<group>"; };
		58F9D4CB29A509E900A9EE05 /* Logger.swift */ = {isa = PBXFileReference; lastKnownFileType = sourcecode.swift; path = Logger.swift; sourceTree = "<group>"; };
/* End PBXFileReference section */

/* Begin PBXFrameworksBuildPhase section */
		582A122C29985C8A00931D26 /* Frameworks */ = {
			isa = PBXFrameworksBuildPhase;
			buildActionMask = 2147483647;
			files = (
				58F9D4CA29A509C400A9EE05 /* Logging in Frameworks */,
				58714F7B29A6BFD700D5B380 /* Introspect in Frameworks */,
			);
			runOnlyForDeploymentPostprocessing = 0;
		};
		582A123C29985C8B00931D26 /* Frameworks */ = {
			isa = PBXFrameworksBuildPhase;
			buildActionMask = 2147483647;
			files = (
			);
			runOnlyForDeploymentPostprocessing = 0;
		};
		582A124629985C8B00931D26 /* Frameworks */ = {
			isa = PBXFrameworksBuildPhase;
			buildActionMask = 2147483647;
			files = (
			);
			runOnlyForDeploymentPostprocessing = 0;
		};
/* End PBXFrameworksBuildPhase section */

/* Begin PBXGroup section */
		5819420729A7782A0011C0BB /* Views */ = {
			isa = PBXGroup;
			children = (
				585AFDAD299EB5070090FE46 /* ChildrenViews.swift */,
				58714F7C29A6C03400D5B380 /* NetworkSettingsView.swift */,
				582A123429985C8A00931D26 /* ContentView.swift */,
				5860537D29AA175C00FA487D /* SensorDebugView.swift */,
			);
			path = Views;
			sourceTree = "<group>";
		};
		582A122629985C8A00931D26 = {
			isa = PBXGroup;
			children = (
				582A123129985C8A00931D26 /* ios-client */,
				582A123029985C8A00931D26 /* Products */,
			);
			sourceTree = "<group>";
		};
		582A123029985C8A00931D26 /* Products */ = {
			isa = PBXGroup;
			children = (
				582A122F29985C8A00931D26 /* ios-client.app */,
				582A123F29985C8B00931D26 /* ios-clientTests.xctest */,
				582A124929985C8B00931D26 /* ios-clientUITests.xctest */,
			);
			name = Products;
			sourceTree = "<group>";
		};
		582A123129985C8A00931D26 /* ios-client */ = {
			isa = PBXGroup;
			children = (
				5819420729A7782A0011C0BB /* Views */,
				582A123229985C8A00931D26 /* ios_clientApp.swift */,
				582A123629985C8B00931D26 /* Assets.xcassets */,
				582A123829985C8B00931D26 /* Preview Content */,
				583974D129985F170009121C /* MotionKit.swift */,
				585AFDA9299EB47E0090FE46 /* Extensions.swift */,
				585AFDAB299EB48D0090FE46 /* Errors.swift */,
				585AFDAF299EB5760090FE46 /* Store.swift */,
				585AFDB1299EBFD00090FE46 /* NetworkKit.swift */,
				58F9D4CB29A509E900A9EE05 /* Logger.swift */,
			);
			path = "ios-client";
			sourceTree = "<group>";
		};
		582A123829985C8B00931D26 /* Preview Content */ = {
			isa = PBXGroup;
			children = (
				582A123929985C8B00931D26 /* Preview Assets.xcassets */,
			);
			path = "Preview Content";
			sourceTree = "<group>";
		};
/* End PBXGroup section */

/* Begin PBXNativeTarget section */
		582A122E29985C8A00931D26 /* ios-client */ = {
			isa = PBXNativeTarget;
			buildConfigurationList = 582A125329985C8B00931D26 /* Build configuration list for PBXNativeTarget "ios-client" */;
			buildPhases = (
				582A122B29985C8A00931D26 /* Sources */,
				582A122C29985C8A00931D26 /* Frameworks */,
				582A122D29985C8A00931D26 /* Resources */,
			);
			buildRules = (
			);
			dependencies = (
			);
			name = "ios-client";
			packageProductDependencies = (
				58F9D4C929A509C400A9EE05 /* Logging */,
				58714F7A29A6BFD700D5B380 /* Introspect */,
			);
			productName = "ios-client";
			productReference = 582A122F29985C8A00931D26 /* ios-client.app */;
			productType = "com.apple.product-type.application";
		};
		582A123E29985C8B00931D26 /* ios-clientTests */ = {
			isa = PBXNativeTarget;
			buildConfigurationList = 582A125629985C8B00931D26 /* Build configuration list for PBXNativeTarget "ios-clientTests" */;
			buildPhases = (
				582A123B29985C8B00931D26 /* Sources */,
				582A123C29985C8B00931D26 /* Frameworks */,
				582A123D29985C8B00931D26 /* Resources */,
			);
			buildRules = (
			);
			dependencies = (
				582A124129985C8B00931D26 /* PBXTargetDependency */,
			);
			name = "ios-clientTests";
			productName = "ios-clientTests";
			productReference = 582A123F29985C8B00931D26 /* ios-clientTests.xctest */;
			productType = "com.apple.product-type.bundle.unit-test";
		};
		582A124829985C8B00931D26 /* ios-clientUITests */ = {
			isa = PBXNativeTarget;
			buildConfigurationList = 582A125929985C8B00931D26 /* Build configuration list for PBXNativeTarget "ios-clientUITests" */;
			buildPhases = (
				582A124529985C8B00931D26 /* Sources */,
				582A124629985C8B00931D26 /* Frameworks */,
				582A124729985C8B00931D26 /* Resources */,
			);
			buildRules = (
			);
			dependencies = (
				582A124B29985C8B00931D26 /* PBXTargetDependency */,
			);
			name = "ios-clientUITests";
			productName = "ios-clientUITests";
			productReference = 582A124929985C8B00931D26 /* ios-clientUITests.xctest */;
			productType = "com.apple.product-type.bundle.ui-testing";
		};
/* End PBXNativeTarget section */

/* Begin PBXProject section */
		582A122729985C8A00931D26 /* Project object */ = {
			isa = PBXProject;
			attributes = {
				BuildIndependentTargetsInParallel = 1;
				LastSwiftUpdateCheck = 1420;
				LastUpgradeCheck = 1420;
				TargetAttributes = {
					582A122E29985C8A00931D26 = {
						CreatedOnToolsVersion = 14.2;
					};
					582A123E29985C8B00931D26 = {
						CreatedOnToolsVersion = 14.2;
						TestTargetID = 582A122E29985C8A00931D26;
					};
					582A124829985C8B00931D26 = {
						CreatedOnToolsVersion = 14.2;
						TestTargetID = 582A122E29985C8A00931D26;
					};
				};
			};
			buildConfigurationList = 582A122A29985C8A00931D26 /* Build configuration list for PBXProject "ios-client" */;
			compatibilityVersion = "Xcode 14.0";
			developmentRegion = en;
			hasScannedForEncodings = 0;
			knownRegions = (
				en,
				Base,
			);
			mainGroup = 582A122629985C8A00931D26;
			packageReferences = (
				58F9D4C829A509C400A9EE05 /* XCRemoteSwiftPackageReference "swift-log" */,
				58714F7929A6BFD700D5B380 /* XCRemoteSwiftPackageReference "SwiftUI-Introspect" */,
			);
			productRefGroup = 582A123029985C8A00931D26 /* Products */;
			projectDirPath = "";
			projectRoot = "";
			targets = (
				582A122E29985C8A00931D26 /* ios-client */,
				582A123E29985C8B00931D26 /* ios-clientTests */,
				582A124829985C8B00931D26 /* ios-clientUITests */,
			);
		};
/* End PBXProject section */

/* Begin PBXResourcesBuildPhase section */
		582A122D29985C8A00931D26 /* Resources */ = {
			isa = PBXResourcesBuildPhase;
			buildActionMask = 2147483647;
			files = (
				582A123A29985C8B00931D26 /* Preview Assets.xcassets in Resources */,
				582A123729985C8B00931D26 /* Assets.xcassets in Resources */,
			);
			runOnlyForDeploymentPostprocessing = 0;
		};
		582A123D29985C8B00931D26 /* Resources */ = {
			isa = PBXResourcesBuildPhase;
			buildActionMask = 2147483647;
			files = (
			);
			runOnlyForDeploymentPostprocessing = 0;
		};
		582A124729985C8B00931D26 /* Resources */ = {
			isa = PBXResourcesBuildPhase;
			buildActionMask = 2147483647;
			files = (
			);
			runOnlyForDeploymentPostprocessing = 0;
		};
/* End PBXResourcesBuildPhase section */

/* Begin PBXSourcesBuildPhase section */
		582A122B29985C8A00931D26 /* Sources */ = {
			isa = PBXSourcesBuildPhase;
			buildActionMask = 2147483647;
			files = (
				585AFDB0299EB5760090FE46 /* Store.swift in Sources */,
				582A123529985C8A00931D26 /* ContentView.swift in Sources */,
				585AFDAC299EB48D0090FE46 /* Errors.swift in Sources */,
				582A123329985C8A00931D26 /* ios_clientApp.swift in Sources */,
				58F9D4CC29A509E900A9EE05 /* Logger.swift in Sources */,
				583974D229985F170009121C /* MotionKit.swift in Sources */,
				585AFDB2299EBFD00090FE46 /* NetworkKit.swift in Sources */,
				58714F7D29A6C03400D5B380 /* NetworkSettingsView.swift in Sources */,
				585AFDAA299EB47E0090FE46 /* Extensions.swift in Sources */,
				5860537E29AA175C00FA487D /* SensorDebugView.swift in Sources */,
				585AFDAE299EB5070090FE46 /* ChildrenViews.swift in Sources */,
			);
			runOnlyForDeploymentPostprocessing = 0;
		};
		582A123B29985C8B00931D26 /* Sources */ = {
			isa = PBXSourcesBuildPhase;
			buildActionMask = 2147483647;
			files = (
			);
			runOnlyForDeploymentPostprocessing = 0;
		};
		582A124529985C8B00931D26 /* Sources */ = {
			isa = PBXSourcesBuildPhase;
			buildActionMask = 2147483647;
			files = (
			);
			runOnlyForDeploymentPostprocessing = 0;
		};
/* End PBXSourcesBuildPhase section */

/* Begin PBXTargetDependency section */
		582A124129985C8B00931D26 /* PBXTargetDependency */ = {
			isa = PBXTargetDependency;
			target = 582A122E29985C8A00931D26 /* ios-client */;
			targetProxy = 582A124029985C8B00931D26 /* PBXContainerItemProxy */;
		};
		582A124B29985C8B00931D26 /* PBXTargetDependency */ = {
			isa = PBXTargetDependency;
			target = 582A122E29985C8A00931D26 /* ios-client */;
			targetProxy = 582A124A29985C8B00931D26 /* PBXContainerItemProxy */;
		};
/* End PBXTargetDependency section */

/* Begin XCBuildConfiguration section */
		582A125129985C8B00931D26 /* Debug */ = {
			isa = XCBuildConfiguration;
			buildSettings = {
				ALWAYS_SEARCH_USER_PATHS = NO;
				CLANG_ANALYZER_NONNULL = YES;
				CLANG_ANALYZER_NUMBER_OBJECT_CONVERSION = YES_AGGRESSIVE;
				CLANG_CXX_LANGUAGE_STANDARD = "gnu++20";
				CLANG_ENABLE_MODULES = YES;
				CLANG_ENABLE_OBJC_ARC = YES;
				CLANG_ENABLE_OBJC_WEAK = YES;
				CLANG_WARN_BLOCK_CAPTURE_AUTORELEASING = YES;
				CLANG_WARN_BOOL_CONVERSION = YES;
				CLANG_WARN_COMMA = YES;
				CLANG_WARN_CONSTANT_CONVERSION = YES;
				CLANG_WARN_DEPRECATED_OBJC_IMPLEMENTATIONS = YES;
				CLANG_WARN_DIRECT_OBJC_ISA_USAGE = YES_ERROR;
				CLANG_WARN_DOCUMENTATION_COMMENTS = YES;
				CLANG_WARN_EMPTY_BODY = YES;
				CLANG_WARN_ENUM_CONVERSION = YES;
				CLANG_WARN_INFINITE_RECURSION = YES;
				CLANG_WARN_INT_CONVERSION = YES;
				CLANG_WARN_NON_LITERAL_NULL_CONVERSION = YES;
				CLANG_WARN_OBJC_IMPLICIT_RETAIN_SELF = YES;
				CLANG_WARN_OBJC_LITERAL_CONVERSION = YES;
				CLANG_WARN_OBJC_ROOT_CLASS = YES_ERROR;
				CLANG_WARN_QUOTED_INCLUDE_IN_FRAMEWORK_HEADER = YES;
				CLANG_WARN_RANGE_LOOP_ANALYSIS = YES;
				CLANG_WARN_STRICT_PROTOTYPES = YES;
				CLANG_WARN_SUSPICIOUS_MOVE = YES;
				CLANG_WARN_UNGUARDED_AVAILABILITY = YES_AGGRESSIVE;
				CLANG_WARN_UNREACHABLE_CODE = YES;
				CLANG_WARN__DUPLICATE_METHOD_MATCH = YES;
				COPY_PHASE_STRIP = NO;
				DEBUG_INFORMATION_FORMAT = dwarf;
				ENABLE_STRICT_OBJC_MSGSEND = YES;
				ENABLE_TESTABILITY = YES;
				GCC_C_LANGUAGE_STANDARD = gnu11;
				GCC_DYNAMIC_NO_PIC = NO;
				GCC_NO_COMMON_BLOCKS = YES;
				GCC_OPTIMIZATION_LEVEL = 0;
				GCC_PREPROCESSOR_DEFINITIONS = (
					"DEBUG=1",
					"$(inherited)",
				);
				GCC_WARN_64_TO_32_BIT_CONVERSION = YES;
				GCC_WARN_ABOUT_RETURN_TYPE = YES_ERROR;
				GCC_WARN_UNDECLARED_SELECTOR = YES;
				GCC_WARN_UNINITIALIZED_AUTOS = YES_AGGRESSIVE;
				GCC_WARN_UNUSED_FUNCTION = YES;
				GCC_WARN_UNUSED_VARIABLE = YES;
				IPHONEOS_DEPLOYMENT_TARGET = 16.2;
				MTL_ENABLE_DEBUG_INFO = INCLUDE_SOURCE;
				MTL_FAST_MATH = YES;
				ONLY_ACTIVE_ARCH = YES;
				SDKROOT = iphoneos;
				SWIFT_ACTIVE_COMPILATION_CONDITIONS = DEBUG;
				SWIFT_OPTIMIZATION_LEVEL = "-Onone";
			};
			name = Debug;
		};
		582A125229985C8B00931D26 /* Release */ = {
			isa = XCBuildConfiguration;
			buildSettings = {
				ALWAYS_SEARCH_USER_PATHS = NO;
				CLANG_ANALYZER_NONNULL = YES;
				CLANG_ANALYZER_NUMBER_OBJECT_CONVERSION = YES_AGGRESSIVE;
				CLANG_CXX_LANGUAGE_STANDARD = "gnu++20";
				CLANG_ENABLE_MODULES = YES;
				CLANG_ENABLE_OBJC_ARC = YES;
				CLANG_ENABLE_OBJC_WEAK = YES;
				CLANG_WARN_BLOCK_CAPTURE_AUTORELEASING = YES;
				CLANG_WARN_BOOL_CONVERSION = YES;
				CLANG_WARN_COMMA = YES;
				CLANG_WARN_CONSTANT_CONVERSION = YES;
				CLANG_WARN_DEPRECATED_OBJC_IMPLEMENTATIONS = YES;
				CLANG_WARN_DIRECT_OBJC_ISA_USAGE = YES_ERROR;
				CLANG_WARN_DOCUMENTATION_COMMENTS = YES;
				CLANG_WARN_EMPTY_BODY = YES;
				CLANG_WARN_ENUM_CONVERSION = YES;
				CLANG_WARN_INFINITE_RECURSION = YES;
				CLANG_WARN_INT_CONVERSION = YES;
				CLANG_WARN_NON_LITERAL_NULL_CONVERSION = YES;
				CLANG_WARN_OBJC_IMPLICIT_RETAIN_SELF = YES;
				CLANG_WARN_OBJC_LITERAL_CONVERSION = YES;
				CLANG_WARN_OBJC_ROOT_CLASS = YES_ERROR;
				CLANG_WARN_QUOTED_INCLUDE_IN_FRAMEWORK_HEADER = YES;
				CLANG_WARN_RANGE_LOOP_ANALYSIS = YES;
				CLANG_WARN_STRICT_PROTOTYPES = YES;
				CLANG_WARN_SUSPICIOUS_MOVE = YES;
				CLANG_WARN_UNGUARDED_AVAILABILITY = YES_AGGRESSIVE;
				CLANG_WARN_UNREACHABLE_CODE = YES;
				CLANG_WARN__DUPLICATE_METHOD_MATCH = YES;
				COPY_PHASE_STRIP = NO;
				DEBUG_INFORMATION_FORMAT = "dwarf-with-dsym";
				ENABLE_NS_ASSERTIONS = NO;
				ENABLE_STRICT_OBJC_MSGSEND = YES;
				GCC_C_LANGUAGE_STANDARD = gnu11;
				GCC_NO_COMMON_BLOCKS = YES;
				GCC_WARN_64_TO_32_BIT_CONVERSION = YES;
				GCC_WARN_ABOUT_RETURN_TYPE = YES_ERROR;
				GCC_WARN_UNDECLARED_SELECTOR = YES;
				GCC_WARN_UNINITIALIZED_AUTOS = YES_AGGRESSIVE;
				GCC_WARN_UNUSED_FUNCTION = YES;
				GCC_WARN_UNUSED_VARIABLE = YES;
				IPHONEOS_DEPLOYMENT_TARGET = 16.2;
				MTL_ENABLE_DEBUG_INFO = NO;
				MTL_FAST_MATH = YES;
				SDKROOT = iphoneos;
				SWIFT_COMPILATION_MODE = wholemodule;
				SWIFT_OPTIMIZATION_LEVEL = "-O";
				VALIDATE_PRODUCT = YES;
			};
			name = Release;
		};
		582A125429985C8B00931D26 /* Debug */ = {
			isa = XCBuildConfiguration;
			buildSettings = {
				ASSETCATALOG_COMPILER_APPICON_NAME = AppIcon;
				ASSETCATALOG_COMPILER_GLOBAL_ACCENT_COLOR_NAME = AccentColor;
				CODE_SIGN_STYLE = Automatic;
				CURRENT_PROJECT_VERSION = 1;
				DEVELOPMENT_ASSET_PATHS = "\"ios-client/Preview Content\"";
				DEVELOPMENT_TEAM = LU5G7HVPJ7;
				ENABLE_PREVIEWS = YES;
				GENERATE_INFOPLIST_FILE = YES;
				INFOPLIST_KEY_NSMotionUsageDescription = "Uses accelerometer and gyroscope data to calculate position of the user's racket.";
				INFOPLIST_KEY_UIApplicationSceneManifest_Generation = YES;
				INFOPLIST_KEY_UIApplicationSupportsIndirectInputEvents = YES;
				INFOPLIST_KEY_UILaunchScreen_Generation = YES;
				INFOPLIST_KEY_UIRequiredDeviceCapabilities = "accelerometer gyroscope";
				INFOPLIST_KEY_UISupportedInterfaceOrientations = UIInterfaceOrientationPortrait;
				LD_RUNPATH_SEARCH_PATHS = (
					"$(inherited)",
					"@executable_path/Frameworks",
				);
				MARKETING_VERSION = 1.0;
				PRODUCT_BUNDLE_IDENTIFIER = "io.github.ohshitnotgood.ios-client";
				PRODUCT_NAME = "$(TARGET_NAME)";
				SUPPORTED_PLATFORMS = "iphoneos iphonesimulator";
				SUPPORTS_MACCATALYST = NO;
				SUPPORTS_MAC_DESIGNED_FOR_IPHONE_IPAD = YES;
				SWIFT_EMIT_LOC_STRINGS = YES;
				SWIFT_VERSION = 5.0;
				TARGETED_DEVICE_FAMILY = 1;
			};
			name = Debug;
		};
		582A125529985C8B00931D26 /* Release */ = {
			isa = XCBuildConfiguration;
			buildSettings = {
				ASSETCATALOG_COMPILER_APPICON_NAME = AppIcon;
				ASSETCATALOG_COMPILER_GLOBAL_ACCENT_COLOR_NAME = AccentColor;
				CODE_SIGN_STYLE = Automatic;
				CURRENT_PROJECT_VERSION = 1;
				DEVELOPMENT_ASSET_PATHS = "\"ios-client/Preview Content\"";
				DEVELOPMENT_TEAM = LU5G7HVPJ7;
				ENABLE_PREVIEWS = YES;
				GENERATE_INFOPLIST_FILE = YES;
				INFOPLIST_KEY_NSMotionUsageDescription = "Uses accelerometer and gyroscope data to calculate position of the user's racket.";
				INFOPLIST_KEY_UIApplicationSceneManifest_Generation = YES;
				INFOPLIST_KEY_UIApplicationSupportsIndirectInputEvents = YES;
				INFOPLIST_KEY_UILaunchScreen_Generation = YES;
				INFOPLIST_KEY_UIRequiredDeviceCapabilities = "accelerometer gyroscope";
				INFOPLIST_KEY_UISupportedInterfaceOrientations = UIInterfaceOrientationPortrait;
				LD_RUNPATH_SEARCH_PATHS = (
					"$(inherited)",
					"@executable_path/Frameworks",
				);
				MARKETING_VERSION = 1.0;
				PRODUCT_BUNDLE_IDENTIFIER = "io.github.ohshitnotgood.ios-client";
				PRODUCT_NAME = "$(TARGET_NAME)";
				SUPPORTED_PLATFORMS = "iphoneos iphonesimulator";
				SUPPORTS_MACCATALYST = NO;
				SUPPORTS_MAC_DESIGNED_FOR_IPHONE_IPAD = YES;
				SWIFT_EMIT_LOC_STRINGS = YES;
				SWIFT_VERSION = 5.0;
				TARGETED_DEVICE_FAMILY = 1;
			};
			name = Release;
		};
		582A125729985C8B00931D26 /* Debug */ = {
			isa = XCBuildConfiguration;
			buildSettings = {
				ALWAYS_EMBED_SWIFT_STANDARD_LIBRARIES = YES;
				BUNDLE_LOADER = "$(TEST_HOST)";
				CODE_SIGN_STYLE = Automatic;
				CURRENT_PROJECT_VERSION = 1;
				DEVELOPMENT_TEAM = LU5G7HVPJ7;
				GENERATE_INFOPLIST_FILE = YES;
				IPHONEOS_DEPLOYMENT_TARGET = 16.2;
				MARKETING_VERSION = 1.0;
				PRODUCT_BUNDLE_IDENTIFIER = "io.github.ohshitnotgood.ios-clientTests";
				PRODUCT_NAME = "$(TARGET_NAME)";
				SWIFT_EMIT_LOC_STRINGS = NO;
				SWIFT_VERSION = 5.0;
				TARGETED_DEVICE_FAMILY = "1,2";
				TEST_HOST = "$(BUILT_PRODUCTS_DIR)/ios-client.app/$(BUNDLE_EXECUTABLE_FOLDER_PATH)/ios-client";
			};
			name = Debug;
		};
		582A125829985C8B00931D26 /* Release */ = {
			isa = XCBuildConfiguration;
			buildSettings = {
				ALWAYS_EMBED_SWIFT_STANDARD_LIBRARIES = YES;
				BUNDLE_LOADER = "$(TEST_HOST)";
				CODE_SIGN_STYLE = Automatic;
				CURRENT_PROJECT_VERSION = 1;
				DEVELOPMENT_TEAM = LU5G7HVPJ7;
				GENERATE_INFOPLIST_FILE = YES;
				IPHONEOS_DEPLOYMENT_TARGET = 16.2;
				MARKETING_VERSION = 1.0;
				PRODUCT_BUNDLE_IDENTIFIER = "io.github.ohshitnotgood.ios-clientTests";
				PRODUCT_NAME = "$(TARGET_NAME)";
				SWIFT_EMIT_LOC_STRINGS = NO;
				SWIFT_VERSION = 5.0;
				TARGETED_DEVICE_FAMILY = "1,2";
				TEST_HOST = "$(BUILT_PRODUCTS_DIR)/ios-client.app/$(BUNDLE_EXECUTABLE_FOLDER_PATH)/ios-client";
			};
			name = Release;
		};
		582A125A29985C8B00931D26 /* Debug */ = {
			isa = XCBuildConfiguration;
			buildSettings = {
				ALWAYS_EMBED_SWIFT_STANDARD_LIBRARIES = YES;
				CODE_SIGN_STYLE = Automatic;
				CURRENT_PROJECT_VERSION = 1;
				DEVELOPMENT_TEAM = LU5G7HVPJ7;
				GENERATE_INFOPLIST_FILE = YES;
				MARKETING_VERSION = 1.0;
				PRODUCT_BUNDLE_IDENTIFIER = "io.github.ohshitnotgood.ios-clientUITests";
				PRODUCT_NAME = "$(TARGET_NAME)";
				SWIFT_EMIT_LOC_STRINGS = NO;
				SWIFT_VERSION = 5.0;
				TARGETED_DEVICE_FAMILY = "1,2";
				TEST_TARGET_NAME = "ios-client";
			};
			name = Debug;
		};
		582A125B29985C8B00931D26 /* Release */ = {
			isa = XCBuildConfiguration;
			buildSettings = {
				ALWAYS_EMBED_SWIFT_STANDARD_LIBRARIES = YES;
				CODE_SIGN_STYLE = Automatic;
				CURRENT_PROJECT_VERSION = 1;
				DEVELOPMENT_TEAM = LU5G7HVPJ7;
				GENERATE_INFOPLIST_FILE = YES;
				MARKETING_VERSION = 1.0;
				PRODUCT_BUNDLE_IDENTIFIER = "io.github.ohshitnotgood.ios-clientUITests";
				PRODUCT_NAME = "$(TARGET_NAME)";
				SWIFT_EMIT_LOC_STRINGS = NO;
				SWIFT_VERSION = 5.0;
				TARGETED_DEVICE_FAMILY = "1,2";
				TEST_TARGET_NAME = "ios-client";
			};
			name = Release;
		};
/* End XCBuildConfiguration section */

/* Begin XCConfigurationList section */
		582A122A29985C8A00931D26 /* Build configuration list for PBXProject "ios-client" */ = {
			isa = XCConfigurationList;
			buildConfigurations = (
				582A125129985C8B00931D26 /* Debug */,
				582A125229985C8B00931D26 /* Release */,
			);
			defaultConfigurationIsVisible = 0;
			defaultConfigurationName = Release;
		};
		582A125329985C8B00931D26 /* Build configuration list for PBXNativeTarget "ios-client" */ = {
			isa = XCConfigurationList;
			buildConfigurations = (
				582A125429985C8B00931D26 /* Debug */,
				582A125529985C8B00931D26 /* Release */,
			);
			defaultConfigurationIsVisible = 0;
			defaultConfigurationName = Release;
		};
		582A125629985C8B00931D26 /* Build configuration list for PBXNativeTarget "ios-clientTests" */ = {
			isa = XCConfigurationList;
			buildConfigurations = (
				582A125729985C8B00931D26 /* Debug */,
				582A125829985C8B00931D26 /* Release */,
			);
			defaultConfigurationIsVisible = 0;
			defaultConfigurationName = Release;
		};
		582A125929985C8B00931D26 /* Build configuration list for PBXNativeTarget "ios-clientUITests" */ = {
			isa = XCConfigurationList;
			buildConfigurations = (
				582A125A29985C8B00931D26 /* Debug */,
				582A125B29985C8B00931D26 /* Release */,
			);
			defaultConfigurationIsVisible = 0;
			defaultConfigurationName = Release;
		};
/* End XCConfigurationList section */

/* Begin XCRemoteSwiftPackageReference section */
		58714F7929A6BFD700D5B380 /* XCRemoteSwiftPackageReference "SwiftUI-Introspect" */ = {
			isa = XCRemoteSwiftPackageReference;
			repositoryURL = "https://github.com/siteline/SwiftUI-Introspect";
			requirement = {
				kind = upToNextMajorVersion;
				minimumVersion = 0.2.3;
			};
		};
		58F9D4C829A509C400A9EE05 /* XCRemoteSwiftPackageReference "swift-log" */ = {
			isa = XCRemoteSwiftPackageReference;
			repositoryURL = "https://github.com/apple/swift-log";
			requirement = {
				kind = upToNextMajorVersion;
				minimumVersion = 1.0.0;
			};
		};
/* End XCRemoteSwiftPackageReference section */

/* Begin XCSwiftPackageProductDependency section */
		58714F7A29A6BFD700D5B380 /* Introspect */ = {
			isa = XCSwiftPackageProductDependency;
			package = 58714F7929A6BFD700D5B380 /* XCRemoteSwiftPackageReference "SwiftUI-Introspect" */;
			productName = Introspect;
		};
		58F9D4C929A509C400A9EE05 /* Logging */ = {
			isa = XCSwiftPackageProductDependency;
			package = 58F9D4C829A509C400A9EE05 /* XCRemoteSwiftPackageReference "swift-log" */;
			productName = Logging;
		};
/* End XCSwiftPackageProductDependency section */
	};
	rootObject = 582A122729985C8A00931D26 /* Project object */;
}
