{
  "pins" : [
    {
      "identity" : "labeledstepper",
      "kind" : "remoteSourceControl",
      "location" : "https://github.com/MojtabaHs/LabeledStepper",
      "state" : {
        "revision" : "121ce0ea9505c6d934093b9c5a613a290032952c",
        "version" : "1.1.1"
      }
    }
  ],
  "version" : 2
}
